
Microsoft Visual Studio Solution File, Format Version 12.00
# Visual Studio Version 17
VisualStudioVersion = 17.4.33205.214
MinimumVisualStudioVersion = 10.0.40219.1
Project("{FAE04EC0-301F-11D3-BF4B-00C04F79EFBC}") = "ODModules", "ODModules.csproj", "{BAC14622-FCBD-4A46-A716-80AD8EBBEEE7}"
EndProject
Global
	GlobalSection(SolutionConfigurationPlatforms) = preSolution
		Debug|Any CPU = Debug|Any CPU
		Release|Any CPU = Release|Any CPU
	EndGlobalSection
	GlobalSection(ProjectConfigurationPlatforms) = postSolution
		{BAC14622-FCBD-4A46-A716-80AD8EBBEEE7}.Debug|Any CPU.ActiveCfg = Debug|Any CPU
		{BAC14622-FCBD-4A46-A716-80AD8EBBEEE7}.Debug|Any CPU.Build.0 = Debug|Any CPU
		{BAC14622-FCBD-4A46-A716-80AD8EBBEEE7}.Release|Any CPU.ActiveCfg = Release|Any CPU
		{BAC14622-FCBD-4A46-A716-80AD8EBBEEE7}.Release|Any CPU.Build.0 = Release|Any CPU
	EndGlobalSection
	GlobalSection(SolutionProperties) = preSolution
		HideSolutionNode = FALSE
	EndGlobalSection
	GlobalSection(ExtensibilityGlobals) = postSolution
		SolutionGuid = {998888BD-2324-42FC-B0C5-E390A8B0BFF5}
	EndGlobalSection
EndGlobal
